
Microsoft Visual Studio Solution File, Format Version 12.00
# Visual Studio Version 17
VisualStudioVersion = 17.5.33516.290
MinimumVisualStudioVersion = 10.0.40219.1
Project("{9A19103F-16F7-4668-BE54-9A1E7A4F7556}") = "UnitTests", "UnitTests\UnitTests.csproj", "{94661997-83C4-4E80-8FE1-E85294476A0D}"
EndProject
Project("{9A19103F-16F7-4668-BE54-9A1E7A4F7556}") = "Tidbits", "Tidbits\Tidbits.csproj", "{B522AE5F-1DDA-4D23-83DD-266FF9057785}"
EndProject
Global
	GlobalSection(SolutionConfigurationPlatforms) = preSolution
		Debug|Any CPU = Debug|Any CPU
		Release|Any CPU = Release|Any CPU
	EndGlobalSection
	GlobalSection(ProjectConfigurationPlatforms) = postSolution
		{94661997-83C4-4E80-8FE1-E85294476A0D}.Debug|Any CPU.ActiveCfg = Debug|Any CPU
		{94661997-83C4-4E80-8FE1-E85294476A0D}.Debug|Any CPU.Build.0 = Debug|Any CPU
		{94661997-83C4-4E80-8FE1-E85294476A0D}.Release|Any CPU.ActiveCfg = Release|Any CPU
		{94661997-83C4-4E80-8FE1-E85294476A0D}.Release|Any CPU.Build.0 = Release|Any CPU
		{B522AE5F-1DDA-4D23-83DD-266FF9057785}.Debug|Any CPU.ActiveCfg = Debug|Any CPU
		{B522AE5F-1DDA-4D23-83DD-266FF9057785}.Debug|Any CPU.Build.0 = Debug|Any CPU
		{B522AE5F-1DDA-4D23-83DD-266FF9057785}.Release|Any CPU.ActiveCfg = Release|Any CPU
		{B522AE5F-1DDA-4D23-83DD-266FF9057785}.Release|Any CPU.Build.0 = Release|Any CPU
	EndGlobalSection
	GlobalSection(SolutionProperties) = preSolution
		HideSolutionNode = FALSE
	EndGlobalSection
	GlobalSection(ExtensibilityGlobals) = postSolution
		SolutionGuid = {39D1C6A5-5385-4DAF-BD88-83F1E9FB3210}
	EndGlobalSection
EndGlobal
